{
    "dama/doctrine-test-bundle": {
        "version": "8.1",
        "recipe": {
            "repo": "github.com/symfony/recipes-contrib",
            "branch": "main",
            "version": "7.2",
            "ref": "896306d79d4ee143af9eadf9b09fd34a8c391b70"
        },
        "files": [
            "config/packages/dama_doctrine_test_bundle.yaml"
        ]
    },
    "dflydev/dot-access-data": {
        "version": "v3.0.1"
    },
    "doctrine/cache": {
        "version": "2.1.1"
    },
    "doctrine/collections": {
        "version": "1.6.8"
    },
    "doctrine/common": {
        "version": "3.2.0"
    },
    "doctrine/data-fixtures": {
        "version": "1.5.1"
    },
    "doctrine/dbal": {
        "version": "3.2.0"
    },
    "doctrine/deprecations": {
        "version": "v0.5.3"
    },
    "doctrine/doctrine-bundle": {
        "version": "2.12",
        "recipe": {
            "repo": "github.com/symfony/recipes",
            "branch": "main",
            "version": "2.12",
            "ref": "7b1b0b637b337f6beb895589948cd119da705524"
        },
        "files": [
            "config/packages/doctrine.yaml",
            "src/Entity/.gitignore",
            "src/Repository/.gitignore"
        ]
    },
    "doctrine/doctrine-fixtures-bundle": {
        "version": "3.4",
        "recipe": {
            "repo": "github.com/symfony/recipes",
            "branch": "master",
            "version": "3.0",
            "ref": "1f5514cfa15b947298df4d771e694e578d4c204d"
        },
        "files": [
            "src/DataFixtures/AppFixtures.php"
        ]
    },
    "doctrine/doctrine-migrations-bundle": {
        "version": "3.2",
        "recipe": {
            "repo": "github.com/symfony/recipes",
            "branch": "main",
            "version": "3.1",
            "ref": "1d01ec03c6ecbd67c3375c5478c9a423ae5d6a33"
        },
        "files": [
            "config/packages/doctrine_migrations.yaml",
            "migrations/.gitignore"
        ]
    },
    "doctrine/event-manager": {
        "version": "1.1.1"
    },
    "doctrine/inflector": {
        "version": "2.0.4"
    },
    "doctrine/instantiator": {
        "version": "1.4.0"
    },
    "doctrine/lexer": {
        "version": "1.2.1"
    },
    "doctrine/migrations": {
        "version": "3.3.2"
    },
    "doctrine/orm": {
        "version": "2.10.2"
    },
    "doctrine/persistence": {
        "version": "2.2.3"
    },
    "doctrine/sql-formatter": {
        "version": "1.1.2"
    },
    "egulias/email-validator": {
        "version": "3.1.2"
    },
    "friendsofphp/proxy-manager-lts": {
        "version": "v1.0.5"
    },
    "laminas/laminas-code": {
        "version": "4.4.3"
    },
    "league/commonmark": {
        "version": "2.1.0"
    },
    "league/config": {
        "version": "v1.1.1"
    },
    "league/uri": {
        "version": "6.5.0"
    },
    "league/uri-interfaces": {
        "version": "2.3.0"
    },
    "masterminds/html5": {
        "version": "2.7.5"
    },
    "monolog/monolog": {
        "version": "2.3.5"
    },
    "nette/schema": {
        "version": "v1.2.2"
    },
    "nette/utils": {
        "version": "v3.2.6"
    },
    "nikic/php-parser": {
        "version": "v4.13.2"
    },
    "phpstan/phpstan": {
        "version": "1.2.0"
    },
    "psr/cache": {
        "version": "3.0.0"
    },
    "psr/container": {
        "version": "2.0.2"
    },
    "psr/event-dispatcher": {
        "version": "1.0.0"
    },
    "psr/http-message": {
        "version": "1.0.1"
    },
    "psr/log": {
        "version": "1.1.4"
    },
    "symfony/apache-pack": {
        "version": "1.0",
        "recipe": {
            "repo": "github.com/symfony/recipes-contrib",
            "branch": "main",
            "version": "1.0",
            "ref": "0f18b4decdf5695d692c1d0dfd65516a07a6adf1"
        },
        "files": [
            "public/.htaccess"
        ]
    },
    "symfony/asset": {
        "version": "v6.0.0"
    },
    "symfony/asset-mapper": {
        "version": "7.1",
        "recipe": {
            "repo": "github.com/symfony/recipes",
            "branch": "main",
            "version": "6.4",
            "ref": "6c28c471640cc2c6e60812ebcb961c526ef8997f"
        },
        "files": [
            "assets/app.js",
            "assets/styles/app.css",
            "config/packages/asset_mapper.yaml",
            "importmap.php"
        ]
    },
    "symfony/browser-kit": {
        "version": "v6.0.0"
    },
    "symfony/cache": {
        "version": "v6.0.0"
    },
    "symfony/cache-contracts": {
        "version": "v3.0.0"
    },
    "symfony/config": {
        "version": "v6.0.0"
    },
    "symfony/console": {
        "version": "7.1",
        "recipe": {
            "repo": "github.com/symfony/recipes",
            "branch": "main",
            "version": "5.3",
            "ref": "1781ff40d8a17d87cf53f8d4cf0c8346ed2bb461"
        },
        "files": [
            "bin/console"
        ]
    },
    "symfony/css-selector": {
        "version": "v6.0.0"
    },
    "symfony/debug-bundle": {
        "version": "6.2",
        "recipe": {
            "repo": "github.com/symfony/recipes",
            "branch": "main",
            "version": "5.3",
            "ref": "5aa8aa48234c8eb6dbdd7b3cd5d791485d2cec4b"
        },
        "files": [
            "config/packages/debug.yaml"
        ]
    },
    "symfony/dependency-injection": {
        "version": "v6.0.0"
    },
    "symfony/deprecation-contracts": {
        "version": "v3.0.0"
    },
    "symfony/doctrine-bridge": {
        "version": "v6.0.0"
    },
    "symfony/dom-crawler": {
        "version": "v6.0.0"
    },
    "symfony/dotenv": {
        "version": "v6.0.0"
    },
    "symfony/error-handler": {
        "version": "v6.0.0"
    },
    "symfony/event-dispatcher": {
        "version": "v6.0.0"
    },
    "symfony/event-dispatcher-contracts": {
        "version": "v3.0.0"
    },
    "symfony/expression-language": {
        "version": "v6.0.0"
    },
    "symfony/filesystem": {
        "version": "v6.0.0"
    },
    "symfony/finder": {
        "version": "v6.0.0"
    },
    "symfony/flex": {
        "version": "2.2",
        "recipe": {
            "repo": "github.com/symfony/recipes",
            "branch": "main",
            "version": "1.0",
            "ref": "146251ae39e06a95be0fe3d13c807bcf3938b172"
        },
        "files": [
            ".env"
        ]
    },
    "symfony/form": {
        "version": "v6.0.0"
    },
    "symfony/framework-bundle": {
        "version": "7.1",
        "recipe": {
            "repo": "github.com/symfony/recipes",
            "branch": "main",
            "version": "7.0",
            "ref": "6356c19b9ae08e7763e4ba2d9ae63043efc75db5"
        },
        "files": [
            "config/packages/cache.yaml",
            "config/packages/framework.yaml",
            "config/preload.php",
            "config/routes/framework.yaml",
            "config/services.yaml",
            "public/index.php",
            "src/Controller/.gitignore",
            "src/Kernel.php"
        ]
    },
    "symfony/html-sanitizer": {
        "version": "v6.1.0-BETA2"
    },
    "symfony/http-client": {
        "version": "v6.1.0-BETA2"
    },
    "symfony/http-client-contracts": {
        "version": "v3.0.1"
    },
    "symfony/http-foundation": {
        "version": "v6.0.0"
    },
    "symfony/http-kernel": {
        "version": "v6.0.0"
    },
    "symfony/intl": {
        "version": "v6.0.0"
    },
    "symfony/mailer": {
        "version": "7.1",
        "recipe": {
            "repo": "github.com/symfony/recipes",
            "branch": "main",
            "version": "4.3",
            "ref": "df66ee1f226c46f01e85c29c2f7acce0596ba35a"
        },
        "files": [
            "config/packages/mailer.yaml"
        ]
    },
    "symfony/maker-bundle": {
        "version": "1.0",
        "recipe": {
            "repo": "github.com/symfony/recipes",
            "branch": "master",
            "version": "1.0",
            "ref": "fadbfe33303a76e25cb63401050439aa9b1a9c7f"
        }
    },
    "symfony/mime": {
        "version": "v6.0.0"
    },
    "symfony/monolog-bridge": {
        "version": "v6.0.0"
    },
    "symfony/monolog-bundle": {
        "version": "3.10",
        "recipe": {
            "repo": "github.com/symfony/recipes",
            "branch": "main",
            "version": "3.7",
            "ref": "aff23899c4440dd995907613c1dd709b6f59503f"
        },
        "files": [
            "config/packages/monolog.yaml"
        ]
    },
    "symfony/options-resolver": {
        "version": "v6.0.0"
    },
    "symfony/password-hasher": {
        "version": "v6.0.0"
    },
    "symfony/phpunit-bridge": {
        "version": "7.0",
        "recipe": {
            "repo": "github.com/symfony/recipes",
            "branch": "main",
            "version": "6.3",
            "ref": "a411a0480041243d97382cac7984f7dce7813c08"
        },
        "files": [
            ".env.test",
            "bin/phpunit",
            "phpunit.xml.dist",
            "tests/bootstrap.php"
        ]
    },
    "symfony/polyfill-ctype": {
        "version": "v1.23.0"
    },
    "symfony/polyfill-intl-grapheme": {
        "version": "v1.23.1"
    },
    "symfony/polyfill-intl-icu": {
        "version": "v1.23.0"
    },
    "symfony/polyfill-intl-idn": {
        "version": "v1.23.0"
    },
    "symfony/polyfill-intl-messageformatter": {
        "version": "v1.23.0"
    },
    "symfony/polyfill-intl-normalizer": {
        "version": "v1.23.0"
    },
    "symfony/polyfill-mbstring": {
        "version": "v1.23.1"
    },
    "symfony/property-access": {
        "version": "v6.0.0"
    },
    "symfony/property-info": {
        "version": "v6.0.0"
    },
    "symfony/routing": {
        "version": "7.1",
        "recipe": {
            "repo": "github.com/symfony/recipes",
            "branch": "main",
            "version": "7.0",
            "ref": "21b72649d5622d8f7da329ffb5afb232a023619d"
        },
        "files": [
            "config/packages/routing.yaml",
            "config/routes.yaml"
        ]
    },
    "symfony/runtime": {
        "version": "v6.0.0"
    },
    "symfony/security-bundle": {
        "version": "6.4",
        "recipe": {
            "repo": "github.com/symfony/recipes",
            "branch": "main",
            "version": "6.4",
            "ref": "2ae08430db28c8eb4476605894296c82a642028f"
        },
        "files": [
            "config/packages/security.yaml",
            "config/routes/security.yaml"
        ]
    },
    "symfony/security-core": {
        "version": "v6.0.0"
    },
    "symfony/security-csrf": {
        "version": "v6.0.0"
    },
    "symfony/security-http": {
        "version": "v6.0.0"
    },
    "symfony/service-contracts": {
        "version": "v3.0.0"
    },
    "symfony/stimulus-bundle": {
        "version": "2.17",
        "recipe": {
            "repo": "github.com/symfony/recipes",
            "branch": "main",
            "version": "2.13",
            "ref": "6acd9ff4f7fd5626d2962109bd4ebab351d43c43"
        },
        "files": [
            "assets/bootstrap.js",
            "assets/controllers.json",
            "assets/controllers/hello_controller.js"
        ]
    },
    "symfony/stopwatch": {
        "version": "v6.0.0"
    },
    "symfony/string": {
        "version": "v6.0.0"
    },
    "symfony/translation": {
        "version": "7.1",
        "recipe": {
            "repo": "github.com/symfony/recipes",
            "branch": "main",
            "version": "6.3",
            "ref": "e28e27f53663cc34f0be2837aba18e3a1bef8e7b"
        },
        "files": [
            "config/packages/translation.yaml",
            "translations/.gitignore"
        ]
    },
    "symfony/translation-contracts": {
        "version": "v3.0.0"
    },
    "symfony/twig-bridge": {
        "version": "v6.0.0"
    },
    "symfony/twig-bundle": {
        "version": "7.1",
        "recipe": {
            "repo": "github.com/symfony/recipes",
            "branch": "main",
            "version": "6.4",
            "ref": "cab5fd2a13a45c266d45a7d9337e28dee6272877"
        },
        "files": [
            "config/packages/twig.yaml",
            "templates/base.html.twig"
        ]
    },
    "symfony/ux-live-component": {
        "version": "2.6",
        "recipe": {
            "repo": "github.com/symfony/recipes",
            "branch": "main",
            "version": "2.6",
            "ref": "73e69baf18f47740d6f58688c5464b10cdacae06"
        },
        "files": [
            "config/routes/ux_live_component.yaml"
        ]
    },
    "symfony/ux-twig-component": {
        "version": "v2.6.1"
    },
    "symfony/validator": {
        "version": "7.1",
        "recipe": {
            "repo": "github.com/symfony/recipes",
            "branch": "main",
            "version": "7.0",
            "ref": "8c1c4e28d26a124b0bb273f537ca8ce443472bfd"
        },
        "files": [
            "config/packages/validator.yaml"
        ]
    },
    "symfony/var-dumper": {
        "version": "v6.0.0"
    },
    "symfony/var-exporter": {
        "version": "v6.0.0"
    },
    "symfony/web-profiler-bundle": {
        "version": "6.2",
        "recipe": {
            "repo": "github.com/symfony/recipes",
            "branch": "main",
            "version": "6.1",
            "ref": "e42b3f0177df239add25373083a564e5ead4e13a"
        },
        "files": [
            "config/packages/web_profiler.yaml",
            "config/routes/web_profiler.yaml"
        ]
    },
    "symfony/yaml": {
        "version": "v6.0.0"
    },
    "symfonycasts/sass-bundle": {
        "version": "v0.2.3"
    },
    "twig/extra-bundle": {
        "version": "v3.3.4"
    },
    "twig/intl-extra": {
        "version": "v3.3.4"
    },
    "twig/markdown-extra": {
        "version": "v3.3.4"
    },
    "twig/twig": {
        "version": "v3.3.4"
    }
}
